
Microsoft Visual Studio Solution File, Format Version 12.00
# Visual Studio Version 17
VisualStudioVersion = 17.13.36105.23 d17.13
MinimumVisualStudioVersion = 10.0.40219.1
Project("{FAE04EC0-301F-11D3-BF4B-00C04F79EFBC}") = "BulkyWeb", "BulkyWeb\BulkyWeb.csproj", "{96FEC16E-E5B2-4F9F-BEE0-30D32251DA2E}"
EndProject
Global
	GlobalSection(SolutionConfigurationPlatforms) = preSolution
		Debug|Any CPU = Debug|Any CPU
		Release|Any CPU = Release|Any CPU
	EndGlobalSection
	GlobalSection(ProjectConfigurationPlatforms) = postSolution
		{96FEC16E-E5B2-4F9F-BEE0-30D32251DA2E}.Debug|Any CPU.ActiveCfg = Debug|Any CPU
		{96FEC16E-E5B2-4F9F-BEE0-30D32251DA2E}.Debug|Any CPU.Build.0 = Debug|Any CPU
		{96FEC16E-E5B2-4F9F-BEE0-30D32251DA2E}.Release|Any CPU.ActiveCfg = Release|Any CPU
		{96FEC16E-E5B2-4F9F-BEE0-30D32251DA2E}.Release|Any CPU.Build.0 = Release|Any CPU
	EndGlobalSection
	GlobalSection(SolutionProperties) = preSolution
		HideSolutionNode = FALSE
	EndGlobalSection
	GlobalSection(ExtensibilityGlobals) = postSolution
		SolutionGuid = {8266DB5D-53B7-4D86-AE90-19F904462DC2}
	EndGlobalSection
EndGlobal
